
Microsoft Visual Studio Solution File, Format Version 12.00
# Visual Studio 15
VisualStudioVersion = 15.0.30319.200
MinimumVisualStudioVersion = 10.0.40219.1
Project("{FAE04EC0-301F-11D3-BF4B-00C04F79EFBC}") = "AngularUsernamePasswordCookieAuthSample", "AngularUsernamePasswordCookieAuthSample\AngularUsernamePasswordCookieAuthSample.csproj", "{73A33E88-314F-42E5-ABC2-45991B7B44BD}"
EndProject
Global
	GlobalSection(SolutionConfigurationPlatforms) = preSolution
		Debug|Any CPU = Debug|Any CPU
		Release|Any CPU = Release|Any CPU
	EndGlobalSection
	GlobalSection(ProjectConfigurationPlatforms) = postSolution
		{73A33E88-314F-42E5-ABC2-45991B7B44BD}.Debug|Any CPU.ActiveCfg = Debug|Any CPU
		{73A33E88-314F-42E5-ABC2-45991B7B44BD}.Debug|Any CPU.Build.0 = Debug|Any CPU
		{73A33E88-314F-42E5-ABC2-45991B7B44BD}.Release|Any CPU.ActiveCfg = Release|Any CPU
		{73A33E88-314F-42E5-ABC2-45991B7B44BD}.Release|Any CPU.Build.0 = Release|Any CPU
	EndGlobalSection
	GlobalSection(SolutionProperties) = preSolution
		HideSolutionNode = FALSE
	EndGlobalSection
	GlobalSection(ExtensibilityGlobals) = postSolution
		SolutionGuid = {83DA862A-A3F6-4622-9C16-3E8AA791F779}
	EndGlobalSection
EndGlobal
